// !$*UTF8*$!
{
	archiveVersion = 1;
	classes = {
	};
	objectVersion = 50;
	objects = {

/* Begin PBXBuildFile section */
		1712CC3B23E2F84D002096D0 /* UIDevice.swift in Sources */ = {isa = PBXBuildFile; fileRef = 1712CC3A23E2F84D002096D0 /* UIDevice.swift */; };
		172C367023CC745300CB1603 /* Localizable.swift in Sources */ = {isa = PBXBuildFile; fileRef = 172C366F23CC745200CB1603 /* Localizable.swift */; };
		174AC5EC23914A3A0000C277 /* UIVVMaterialComponent.framework in Frameworks */ = {isa = PBXBuildFile; fileRef = 174AC5E223914A3A0000C277 /* UIVVMaterialComponent.framework */; };
		174AC5F123914A3A0000C277 /* UIVVMaterialComponentTests.swift in Sources */ = {isa = PBXBuildFile; fileRef = 174AC5F023914A3A0000C277 /* UIVVMaterialComponentTests.swift */; };
		174AC5F323914A3A0000C277 /* UIVVMaterialComponent.h in Headers */ = {isa = PBXBuildFile; fileRef = 174AC5E523914A3A0000C277 /* UIVVMaterialComponent.h */; settings = {ATTRIBUTES = (Public, ); }; };
		175ECE3323D1E2BC000F758D /* DeviceModel.swift in Sources */ = {isa = PBXBuildFile; fileRef = 175ECE3223D1E2BC000F758D /* DeviceModel.swift */; };
		175ECE3523D1E2F4000F758D /* UIDeviceExtension.swift in Sources */ = {isa = PBXBuildFile; fileRef = 175ECE3423D1E2F4000F758D /* UIDeviceExtension.swift */; };
		17C0D8B223BA1179005486FE /* UIButtonExtension.swift in Sources */ = {isa = PBXBuildFile; fileRef = 17C0D89D23BA1179005486FE /* UIButtonExtension.swift */; };
		17C0D8B323BA1179005486FE /* UIView.swift in Sources */ = {isa = PBXBuildFile; fileRef = 17C0D89E23BA1179005486FE /* UIView.swift */; };
		17C0D8B423BA1179005486FE /* UIImageViewExtension.swift in Sources */ = {isa = PBXBuildFile; fileRef = 17C0D89F23BA1179005486FE /* UIImageViewExtension.swift */; };
		17C0D8B523BA1179005486FE /* NSStringExtension.swift in Sources */ = {isa = PBXBuildFile; fileRef = 17C0D8A023BA1179005486FE /* NSStringExtension.swift */; };
		17C0D8B723BA1179005486FE /* UIViewBorder.swift in Sources */ = {isa = PBXBuildFile; fileRef = 17C0D8A223BA1179005486FE /* UIViewBorder.swift */; };
		17C0D8B823BA1179005486FE /* UIColor.swift in Sources */ = {isa = PBXBuildFile; fileRef = 17C0D8A323BA1179005486FE /* UIColor.swift */; };
		17C0D8B923BA1179005486FE /* UITextFieldExtension.swift in Sources */ = {isa = PBXBuildFile; fileRef = 17C0D8A423BA1179005486FE /* UITextFieldExtension.swift */; };
		17C0D8BA23BA1179005486FE /* UILabelExtension.swift in Sources */ = {isa = PBXBuildFile; fileRef = 17C0D8A523BA1179005486FE /* UILabelExtension.swift */; };
		17C0D8BB23BA1179005486FE /* UIViewControllerExtension.swift in Sources */ = {isa = PBXBuildFile; fileRef = 17C0D8A623BA1179005486FE /* UIViewControllerExtension.swift */; };
		17C0D8BC23BA1179005486FE /* UITableViewExtension.swift in Sources */ = {isa = PBXBuildFile; fileRef = 17C0D8A723BA1179005486FE /* UITableViewExtension.swift */; };
		17C0D8BD23BA1179005486FE /* ScrollView.swift in Sources */ = {isa = PBXBuildFile; fileRef = 17C0D8A823BA1179005486FE /* ScrollView.swift */; };
		17C0D8BE23BA1179005486FE /* UIImage.swift in Sources */ = {isa = PBXBuildFile; fileRef = 17C0D8A923BA1179005486FE /* UIImage.swift */; };
		17C0D8BF23BA1179005486FE /* TextView.swift in Sources */ = {isa = PBXBuildFile; fileRef = 17C0D8AA23BA1179005486FE /* TextView.swift */; };
		17C0D8C023BA1179005486FE /* StringExtension.swift in Sources */ = {isa = PBXBuildFile; fileRef = 17C0D8AB23BA1179005486FE /* StringExtension.swift */; };
		17C0D8C123BA1179005486FE /* UIApplication.swift in Sources */ = {isa = PBXBuildFile; fileRef = 17C0D8AC23BA1179005486FE /* UIApplication.swift */; };
		17C0D8C223BA1179005486FE /* UINavigationBarExtension.swift in Sources */ = {isa = PBXBuildFile; fileRef = 17C0D8AD23BA1179005486FE /* UINavigationBarExtension.swift */; };
		17C0D8C323BA1179005486FE /* UINavigationController.swift in Sources */ = {isa = PBXBuildFile; fileRef = 17C0D8AE23BA1179005486FE /* UINavigationController.swift */; };
		17C0D8C423BA1179005486FE /* UIVVMaterialSpinner.swift in Sources */ = {isa = PBXBuildFile; fileRef = 17C0D8B123BA1179005486FE /* UIVVMaterialSpinner.swift */; };
		17DFF4EC23E422B3005189CC /* VVAppUitility.swift in Sources */ = {isa = PBXBuildFile; fileRef = 17DFF4EB23E422B3005189CC /* VVAppUitility.swift */; };
/* End PBXBuildFile section */

/* Begin PBXContainerItemProxy section */
		174AC5ED23914A3A0000C277 /* PBXContainerItemProxy */ = {
			isa = PBXContainerItemProxy;
			containerPortal = 174AC5D923914A3A0000C277 /* Project object */;
			proxyType = 1;
			remoteGlobalIDString = 174AC5E123914A3A0000C277;
			remoteInfo = UIVVMaterialComponent;
		};
/* End PBXContainerItemProxy section */

/* Begin PBXFileReference section */
		1712CC3A23E2F84D002096D0 /* UIDevice.swift */ = {isa = PBXFileReference; lastKnownFileType = sourcecode.swift; path = UIDevice.swift; sourceTree = "<group>"; };
		172C366F23CC745200CB1603 /* Localizable.swift */ = {isa = PBXFileReference; fileEncoding = 4; lastKnownFileType = sourcecode.swift; path = Localizable.swift; sourceTree = "<group>"; };
		174AC5E223914A3A0000C277 /* UIVVMaterialComponent.framework */ = {isa = PBXFileReference; explicitFileType = wrapper.framework; includeInIndex = 0; path = UIVVMaterialComponent.framework; sourceTree = BUILT_PRODUCTS_DIR; };
		174AC5E523914A3A0000C277 /* UIVVMaterialComponent.h */ = {isa = PBXFileReference; lastKnownFileType = sourcecode.c.h; path = UIVVMaterialComponent.h; sourceTree = "<group>"; };
		174AC5E623914A3A0000C277 /* Info.plist */ = {isa = PBXFileReference; lastKnownFileType = text.plist.xml; path = Info.plist; sourceTree = "<group>"; };
		174AC5EB23914A3A0000C277 /* UIVVMaterialComponentTests.xctest */ = {isa = PBXFileReference; explicitFileType = wrapper.cfbundle; includeInIndex = 0; path = UIVVMaterialComponentTests.xctest; sourceTree = BUILT_PRODUCTS_DIR; };
		174AC5F023914A3A0000C277 /* UIVVMaterialComponentTests.swift */ = {isa = PBXFileReference; lastKnownFileType = sourcecode.swift; path = UIVVMaterialComponentTests.swift; sourceTree = "<group>"; };
		174AC5F223914A3A0000C277 /* Info.plist */ = {isa = PBXFileReference; lastKnownFileType = text.plist.xml; path = Info.plist; sourceTree = "<group>"; };
		175ECE3223D1E2BC000F758D /* DeviceModel.swift */ = {isa = PBXFileReference; lastKnownFileType = sourcecode.swift; path = DeviceModel.swift; sourceTree = "<group>"; };
		175ECE3423D1E2F4000F758D /* UIDeviceExtension.swift */ = {isa = PBXFileReference; lastKnownFileType = sourcecode.swift; path = UIDeviceExtension.swift; sourceTree = "<group>"; };
		17C0D89D23BA1179005486FE /* UIButtonExtension.swift */ = {isa = PBXFileReference; fileEncoding = 4; lastKnownFileType = sourcecode.swift; path = UIButtonExtension.swift; sourceTree = "<group>"; };
		17C0D89E23BA1179005486FE /* UIView.swift */ = {isa = PBXFileReference; fileEncoding = 4; lastKnownFileType = sourcecode.swift; path = UIView.swift; sourceTree = "<group>"; };
		17C0D89F23BA1179005486FE /* UIImageViewExtension.swift */ = {isa = PBXFileReference; fileEncoding = 4; lastKnownFileType = sourcecode.swift; path = UIImageViewExtension.swift; sourceTree = "<group>"; };
		17C0D8A023BA1179005486FE /* NSStringExtension.swift */ = {isa = PBXFileReference; fileEncoding = 4; lastKnownFileType = sourcecode.swift; path = NSStringExtension.swift; sourceTree = "<group>"; };
		17C0D8A223BA1179005486FE /* UIViewBorder.swift */ = {isa = PBXFileReference; fileEncoding = 4; lastKnownFileType = sourcecode.swift; path = UIViewBorder.swift; sourceTree = "<group>"; };
		17C0D8A323BA1179005486FE /* UIColor.swift */ = {isa = PBXFileReference; fileEncoding = 4; lastKnownFileType = sourcecode.swift; path = UIColor.swift; sourceTree = "<group>"; };
		17C0D8A423BA1179005486FE /* UITextFieldExtension.swift */ = {isa = PBXFileReference; fileEncoding = 4; lastKnownFileType = sourcecode.swift; path = UITextFieldExtension.swift; sourceTree = "<group>"; };
		17C0D8A523BA1179005486FE /* UILabelExtension.swift */ = {isa = PBXFileReference; fileEncoding = 4; lastKnownFileType = sourcecode.swift; path = UILabelExtension.swift; sourceTree = "<group>"; };
		17C0D8A623BA1179005486FE /* UIViewControllerExtension.swift */ = {isa = PBXFileReference; fileEncoding = 4; lastKnownFileType = sourcecode.swift; path = UIViewControllerExtension.swift; sourceTree = "<group>"; };
		17C0D8A723BA1179005486FE /* UITableViewExtension.swift */ = {isa = PBXFileReference; fileEncoding = 4; lastKnownFileType = sourcecode.swift; path = UITableViewExtension.swift; sourceTree = "<group>"; };
		17C0D8A823BA1179005486FE /* ScrollView.swift */ = {isa = PBXFileReference; fileEncoding = 4; lastKnownFileType = sourcecode.swift; path = ScrollView.swift; sourceTree = "<group>"; };
		17C0D8A923BA1179005486FE /* UIImage.swift */ = {isa = PBXFileReference; fileEncoding = 4; lastKnownFileType = sourcecode.swift; path = UIImage.swift; sourceTree = "<group>"; };
		17C0D8AA23BA1179005486FE /* TextView.swift */ = {isa = PBXFileReference; fileEncoding = 4; lastKnownFileType = sourcecode.swift; path = TextView.swift; sourceTree = "<group>"; };
		17C0D8AB23BA1179005486FE /* StringExtension.swift */ = {isa = PBXFileReference; fileEncoding = 4; lastKnownFileType = sourcecode.swift; path = StringExtension.swift; sourceTree = "<group>"; };
		17C0D8AC23BA1179005486FE /* UIApplication.swift */ = {isa = PBXFileReference; fileEncoding = 4; lastKnownFileType = sourcecode.swift; path = UIApplication.swift; sourceTree = "<group>"; };
		17C0D8AD23BA1179005486FE /* UINavigationBarExtension.swift */ = {isa = PBXFileReference; fileEncoding = 4; lastKnownFileType = sourcecode.swift; path = UINavigationBarExtension.swift; sourceTree = "<group>"; };
		17C0D8AE23BA1179005486FE /* UINavigationController.swift */ = {isa = PBXFileReference; fileEncoding = 4; lastKnownFileType = sourcecode.swift; path = UINavigationController.swift; sourceTree = "<group>"; };
		17C0D8B123BA1179005486FE /* UIVVMaterialSpinner.swift */ = {isa = PBXFileReference; fileEncoding = 4; lastKnownFileType = sourcecode.swift; path = UIVVMaterialSpinner.swift; sourceTree = "<group>"; };
		17DFF4EB23E422B3005189CC /* VVAppUitility.swift */ = {isa = PBXFileReference; lastKnownFileType = sourcecode.swift; path = VVAppUitility.swift; sourceTree = "<group>"; };
/* End PBXFileReference section */

/* Begin PBXFrameworksBuildPhase section */
		174AC5DF23914A3A0000C277 /* Frameworks */ = {
			isa = PBXFrameworksBuildPhase;
			buildActionMask = 2147483647;
			files = (
			);
			runOnlyForDeploymentPostprocessing = 0;
		};
		174AC5E823914A3A0000C277 /* Frameworks */ = {
			isa = PBXFrameworksBuildPhase;
			buildActionMask = 2147483647;
			files = (
				174AC5EC23914A3A0000C277 /* UIVVMaterialComponent.framework in Frameworks */,
			);
			runOnlyForDeploymentPostprocessing = 0;
		};
/* End PBXFrameworksBuildPhase section */

/* Begin PBXGroup section */
		174AC5D823914A3A0000C277 = {
			isa = PBXGroup;
			children = (
				174AC5E423914A3A0000C277 /* UIVVMaterialComponent */,
				174AC5EF23914A3A0000C277 /* UIVVMaterialComponentTests */,
				174AC5E323914A3A0000C277 /* Products */,
			);
			sourceTree = "<group>";
		};
		174AC5E323914A3A0000C277 /* Products */ = {
			isa = PBXGroup;
			children = (
				174AC5E223914A3A0000C277 /* UIVVMaterialComponent.framework */,
				174AC5EB23914A3A0000C277 /* UIVVMaterialComponentTests.xctest */,
			);
			name = Products;
			sourceTree = "<group>";
		};
		174AC5E423914A3A0000C277 /* UIVVMaterialComponent */ = {
			isa = PBXGroup;
			children = (
				17C0D89A23BA0EAE005486FE /* Assets */,
				17C0D89B23BA0EAE005486FE /* Classes */,
				174AC5E523914A3A0000C277 /* UIVVMaterialComponent.h */,
				174AC5E623914A3A0000C277 /* Info.plist */,
			);
			path = UIVVMaterialComponent;
			sourceTree = "<group>";
		};
		174AC5EF23914A3A0000C277 /* UIVVMaterialComponentTests */ = {
			isa = PBXGroup;
			children = (
				174AC5F023914A3A0000C277 /* UIVVMaterialComponentTests.swift */,
				174AC5F223914A3A0000C277 /* Info.plist */,
			);
			path = UIVVMaterialComponentTests;
			sourceTree = "<group>";
		};
		175ECE2F23D1E296000F758D /* enums */ = {
			isa = PBXGroup;
			children = (
				175ECE3223D1E2BC000F758D /* DeviceModel.swift */,
			);
			path = enums;
			sourceTree = "<group>";
		};
		17C0D89A23BA0EAE005486FE /* Assets */ = {
			isa = PBXGroup;
			children = (
			);
			path = Assets;
			sourceTree = "<group>";
		};
		17C0D89B23BA0EAE005486FE /* Classes */ = {
			isa = PBXGroup;
			children = (
				17DFF4EA23E42298005189CC /* utility */,
				175ECE2F23D1E296000F758D /* enums */,
				17C0D89C23BA1179005486FE /* extensions */,
				17C0D8AF23BA1179005486FE /* ui */,
			);
			path = Classes;
			sourceTree = "<group>";
		};
		17C0D89C23BA1179005486FE /* extensions */ = {
			isa = PBXGroup;
			children = (
				172C366F23CC745200CB1603 /* Localizable.swift */,
				17C0D89D23BA1179005486FE /* UIButtonExtension.swift */,
				17C0D89E23BA1179005486FE /* UIView.swift */,
				17C0D89F23BA1179005486FE /* UIImageViewExtension.swift */,
				17C0D8A023BA1179005486FE /* NSStringExtension.swift */,
				17C0D8A223BA1179005486FE /* UIViewBorder.swift */,
				17C0D8A323BA1179005486FE /* UIColor.swift */,
				17C0D8A423BA1179005486FE /* UITextFieldExtension.swift */,
				17C0D8A523BA1179005486FE /* UILabelExtension.swift */,
				17C0D8A623BA1179005486FE /* UIViewControllerExtension.swift */,
				17C0D8A723BA1179005486FE /* UITableViewExtension.swift */,
				17C0D8A823BA1179005486FE /* ScrollView.swift */,
				17C0D8A923BA1179005486FE /* UIImage.swift */,
				17C0D8AA23BA1179005486FE /* TextView.swift */,
				17C0D8AB23BA1179005486FE /* StringExtension.swift */,
				17C0D8AC23BA1179005486FE /* UIApplication.swift */,
				17C0D8AD23BA1179005486FE /* UINavigationBarExtension.swift */,
				17C0D8AE23BA1179005486FE /* UINavigationController.swift */,
				175ECE3423D1E2F4000F758D /* UIDeviceExtension.swift */,
				1712CC3A23E2F84D002096D0 /* UIDevice.swift */,
			);
			path = extensions;
			sourceTree = "<group>";
		};
		17C0D8AF23BA1179005486FE /* ui */ = {
			isa = PBXGroup;
			children = (
				17C0D8B023BA1179005486FE /* spinner */,
			);
			path = ui;
			sourceTree = "<group>";
		};
		17C0D8B023BA1179005486FE /* spinner */ = {
			isa = PBXGroup;
			children = (
				17C0D8B123BA1179005486FE /* UIVVMaterialSpinner.swift */,
			);
			path = spinner;
			sourceTree = "<group>";
		};
		17DFF4EA23E42298005189CC /* utility */ = {
			isa = PBXGroup;
			children = (
				17DFF4EB23E422B3005189CC /* VVAppUitility.swift */,
			);
			path = utility;
			sourceTree = "<group>";
		};
/* End PBXGroup section */

/* Begin PBXHeadersBuildPhase section */
		174AC5DD23914A3A0000C277 /* Headers */ = {
			isa = PBXHeadersBuildPhase;
			buildActionMask = 2147483647;
			files = (
				174AC5F323914A3A0000C277 /* UIVVMaterialComponent.h in Headers */,
			);
			runOnlyForDeploymentPostprocessing = 0;
		};
/* End PBXHeadersBuildPhase section */

/* Begin PBXNativeTarget section */
		174AC5E123914A3A0000C277 /* UIVVMaterialComponent */ = {
			isa = PBXNativeTarget;
			buildConfigurationList = 174AC5F623914A3A0000C277 /* Build configuration list for PBXNativeTarget "UIVVMaterialComponent" */;
			buildPhases = (
				174AC5DD23914A3A0000C277 /* Headers */,
				174AC5DE23914A3A0000C277 /* Sources */,
				174AC5DF23914A3A0000C277 /* Frameworks */,
				174AC5E023914A3A0000C277 /* Resources */,
			);
			buildRules = (
			);
			dependencies = (
			);
			name = UIVVMaterialComponent;
			productName = UIVVMaterialComponent;
			productReference = 174AC5E223914A3A0000C277 /* UIVVMaterialComponent.framework */;
			productType = "com.apple.product-type.framework";
		};
		174AC5EA23914A3A0000C277 /* UIVVMaterialComponentTests */ = {
			isa = PBXNativeTarget;
			buildConfigurationList = 174AC5F923914A3A0000C277 /* Build configuration list for PBXNativeTarget "UIVVMaterialComponentTests" */;
			buildPhases = (
				174AC5E723914A3A0000C277 /* Sources */,
				174AC5E823914A3A0000C277 /* Frameworks */,
				174AC5E923914A3A0000C277 /* Resources */,
			);
			buildRules = (
			);
			dependencies = (
				174AC5EE23914A3A0000C277 /* PBXTargetDependency */,
			);
			name = UIVVMaterialComponentTests;
			productName = UIVVMaterialComponentTests;
			productReference = 174AC5EB23914A3A0000C277 /* UIVVMaterialComponentTests.xctest */;
			productType = "com.apple.product-type.bundle.unit-test";
		};
/* End PBXNativeTarget section */

/* Begin PBXProject section */
		174AC5D923914A3A0000C277 /* Project object */ = {
			isa = PBXProject;
			attributes = {
				LastSwiftUpdateCheck = 1120;
				LastUpgradeCheck = 1120;
				ORGANIZATIONNAME = "Appinventor Inc http://appinventor.co.in";
				TargetAttributes = {
					174AC5E123914A3A0000C277 = {
						CreatedOnToolsVersion = 11.2.1;
						LastSwiftMigration = 1120;
					};
					174AC5EA23914A3A0000C277 = {
						CreatedOnToolsVersion = 11.2.1;
					};
				};
			};
			buildConfigurationList = 174AC5DC23914A3A0000C277 /* Build configuration list for PBXProject "UIVVMaterialComponent" */;
			compatibilityVersion = "Xcode 9.3";
			developmentRegion = en;
			hasScannedForEncodings = 0;
			knownRegions = (
				en,
				Base,
			);
			mainGroup = 174AC5D823914A3A0000C277;
			productRefGroup = 174AC5E323914A3A0000C277 /* Products */;
			projectDirPath = "";
			projectRoot = "";
			targets = (
				174AC5E123914A3A0000C277 /* UIVVMaterialComponent */,
				174AC5EA23914A3A0000C277 /* UIVVMaterialComponentTests */,
			);
		};
/* End PBXProject section */

/* Begin PBXResourcesBuildPhase section */
		174AC5E023914A3A0000C277 /* Resources */ = {
			isa = PBXResourcesBuildPhase;
			buildActionMask = 2147483647;
			files = (
			);
			runOnlyForDeploymentPostprocessing = 0;
		};
		174AC5E923914A3A0000C277 /* Resources */ = {
			isa = PBXResourcesBuildPhase;
			buildActionMask = 2147483647;
			files = (
			);
			runOnlyForDeploymentPostprocessing = 0;
		};
/* End PBXResourcesBuildPhase section */

/* Begin PBXSourcesBuildPhase section */
		174AC5DE23914A3A0000C277 /* Sources */ = {
			isa = PBXSourcesBuildPhase;
			buildActionMask = 2147483647;
			files = (
				17DFF4EC23E422B3005189CC /* VVAppUitility.swift in Sources */,
				17C0D8C123BA1179005486FE /* UIApplication.swift in Sources */,
				17C0D8C223BA1179005486FE /* UINavigationBarExtension.swift in Sources */,
				17C0D8B923BA1179005486FE /* UITextFieldExtension.swift in Sources */,
				17C0D8C023BA1179005486FE /* StringExtension.swift in Sources */,
				17C0D8BB23BA1179005486FE /* UIViewControllerExtension.swift in Sources */,
				1712CC3B23E2F84D002096D0 /* UIDevice.swift in Sources */,
				17C0D8BF23BA1179005486FE /* TextView.swift in Sources */,
				17C0D8B823BA1179005486FE /* UIColor.swift in Sources */,
				17C0D8B323BA1179005486FE /* UIView.swift in Sources */,
				17C0D8BD23BA1179005486FE /* ScrollView.swift in Sources */,
				17C0D8BC23BA1179005486FE /* UITableViewExtension.swift in Sources */,
				17C0D8B223BA1179005486FE /* UIButtonExtension.swift in Sources */,
				17C0D8B423BA1179005486FE /* UIImageViewExtension.swift in Sources */,
				17C0D8B723BA1179005486FE /* UIViewBorder.swift in Sources */,
				175ECE3523D1E2F4000F758D /* UIDeviceExtension.swift in Sources */,
				172C367023CC745300CB1603 /* Localizable.swift in Sources */,
				17C0D8BA23BA1179005486FE /* UILabelExtension.swift in Sources */,
				17C0D8C323BA1179005486FE /* UINavigationController.swift in Sources */,
				17C0D8BE23BA1179005486FE /* UIImage.swift in Sources */,
				175ECE3323D1E2BC000F758D /* DeviceModel.swift in Sources */,
				17C0D8C423BA1179005486FE /* UIVVMaterialSpinner.swift in Sources */,
				17C0D8B523BA1179005486FE /* NSStringExtension.swift in Sources */,
			);
			runOnlyForDeploymentPostprocessing = 0;
		};
		174AC5E723914A3A0000C277 /* Sources */ = {
			isa = PBXSourcesBuildPhase;
			buildActionMask = 2147483647;
			files = (
				174AC5F123914A3A0000C277 /* UIVVMaterialComponentTests.swift in Sources */,
			);
			runOnlyForDeploymentPostprocessing = 0;
		};
/* End PBXSourcesBuildPhase section */

/* Begin PBXTargetDependency section */
		174AC5EE23914A3A0000C277 /* PBXTargetDependency */ = {
			isa = PBXTargetDependency;
			target = 174AC5E123914A3A0000C277 /* UIVVMaterialComponent */;
			targetProxy = 174AC5ED23914A3A0000C277 /* PBXContainerItemProxy */;
		};
/* End PBXTargetDependency section */

/* Begin XCBuildConfiguration section */
		174AC5F423914A3A0000C277 /* Debug */ = {
			isa = XCBuildConfiguration;
			buildSettings = {
				ALWAYS_SEARCH_USER_PATHS = NO;
				CLANG_ANALYZER_NONNULL = YES;
				CLANG_ANALYZER_NUMBER_OBJECT_CONVERSION = YES_AGGRESSIVE;
				CLANG_CXX_LANGUAGE_STANDARD = "gnu++14";
				CLANG_CXX_LIBRARY = "libc++";
				CLANG_ENABLE_MODULES = YES;
				CLANG_ENABLE_OBJC_ARC = YES;
				CLANG_ENABLE_OBJC_WEAK = YES;
				CLANG_WARN_BLOCK_CAPTURE_AUTORELEASING = YES;
				CLANG_WARN_BOOL_CONVERSION = YES;
				CLANG_WARN_COMMA = YES;
				CLANG_WARN_CONSTANT_CONVERSION = YES;
				CLANG_WARN_DEPRECATED_OBJC_IMPLEMENTATIONS = YES;
				CLANG_WARN_DIRECT_OBJC_ISA_USAGE = YES_ERROR;
				CLANG_WARN_DOCUMENTATION_COMMENTS = YES;
				CLANG_WARN_EMPTY_BODY = YES;
				CLANG_WARN_ENUM_CONVERSION = YES;
				CLANG_WARN_INFINITE_RECURSION = YES;
				CLANG_WARN_INT_CONVERSION = YES;
				CLANG_WARN_NON_LITERAL_NULL_CONVERSION = YES;
				CLANG_WARN_OBJC_IMPLICIT_RETAIN_SELF = YES;
				CLANG_WARN_OBJC_LITERAL_CONVERSION = YES;
				CLANG_WARN_OBJC_ROOT_CLASS = YES_ERROR;
				CLANG_WARN_RANGE_LOOP_ANALYSIS = YES;
				CLANG_WARN_STRICT_PROTOTYPES = YES;
				CLANG_WARN_SUSPICIOUS_MOVE = YES;
				CLANG_WARN_UNGUARDED_AVAILABILITY = YES_AGGRESSIVE;
				CLANG_WARN_UNREACHABLE_CODE = YES;
				CLANG_WARN__DUPLICATE_METHOD_MATCH = YES;
				COPY_PHASE_STRIP = NO;
				CURRENT_PROJECT_VERSION = 1;
				DEBUG_INFORMATION_FORMAT = dwarf;
				ENABLE_STRICT_OBJC_MSGSEND = YES;
				ENABLE_TESTABILITY = YES;
				GCC_C_LANGUAGE_STANDARD = gnu11;
				GCC_DYNAMIC_NO_PIC = NO;
				GCC_NO_COMMON_BLOCKS = YES;
				GCC_OPTIMIZATION_LEVEL = 0;
				GCC_PREPROCESSOR_DEFINITIONS = (
					"DEBUG=1",
					"$(inherited)",
				);
				GCC_WARN_64_TO_32_BIT_CONVERSION = YES;
				GCC_WARN_ABOUT_RETURN_TYPE = YES_ERROR;
				GCC_WARN_UNDECLARED_SELECTOR = YES;
				GCC_WARN_UNINITIALIZED_AUTOS = YES_AGGRESSIVE;
				GCC_WARN_UNUSED_FUNCTION = YES;
				GCC_WARN_UNUSED_VARIABLE = YES;
				IPHONEOS_DEPLOYMENT_TARGET = 13.2;
				MTL_ENABLE_DEBUG_INFO = INCLUDE_SOURCE;
				MTL_FAST_MATH = YES;
				ONLY_ACTIVE_ARCH = YES;
				SDKROOT = iphoneos;
				SWIFT_ACTIVE_COMPILATION_CONDITIONS = DEBUG;
				SWIFT_OPTIMIZATION_LEVEL = "-Onone";
				VERSIONING_SYSTEM = "apple-generic";
				VERSION_INFO_PREFIX = "";
			};
			name = Debug;
		};
		174AC5F523914A3A0000C277 /* Release */ = {
			isa = XCBuildConfiguration;
			buildSettings = {
				ALWAYS_SEARCH_USER_PATHS = NO;
				CLANG_ANALYZER_NONNULL = YES;
				CLANG_ANALYZER_NUMBER_OBJECT_CONVERSION = YES_AGGRESSIVE;
				CLANG_CXX_LANGUAGE_STANDARD = "gnu++14";
				CLANG_CXX_LIBRARY = "libc++";
				CLANG_ENABLE_MODULES = YES;
				CLANG_ENABLE_OBJC_ARC = YES;
				CLANG_ENABLE_OBJC_WEAK = YES;
				CLANG_WARN_BLOCK_CAPTURE_AUTORELEASING = YES;
				CLANG_WARN_BOOL_CONVERSION = YES;
				CLANG_WARN_COMMA = YES;
				CLANG_WARN_CONSTANT_CONVERSION = YES;
				CLANG_WARN_DEPRECATED_OBJC_IMPLEMENTATIONS = YES;
				CLANG_WARN_DIRECT_OBJC_ISA_USAGE = YES_ERROR;
				CLANG_WARN_DOCUMENTATION_COMMENTS = YES;
				CLANG_WARN_EMPTY_BODY = YES;
				CLANG_WARN_ENUM_CONVERSION = YES;
				CLANG_WARN_INFINITE_RECURSION = YES;
				CLANG_WARN_INT_CONVERSION = YES;
				CLANG_WARN_NON_LITERAL_NULL_CONVERSION = YES;
				CLANG_WARN_OBJC_IMPLICIT_RETAIN_SELF = YES;
				CLANG_WARN_OBJC_LITERAL_CONVERSION = YES;
				CLANG_WARN_OBJC_ROOT_CLASS = YES_ERROR;
				CLANG_WARN_RANGE_LOOP_ANALYSIS = YES;
				CLANG_WARN_STRICT_PROTOTYPES = YES;
				CLANG_WARN_SUSPICIOUS_MOVE = YES;
				CLANG_WARN_UNGUARDED_AVAILABILITY = YES_AGGRESSIVE;
				CLANG_WARN_UNREACHABLE_CODE = YES;
				CLANG_WARN__DUPLICATE_METHOD_MATCH = YES;
				COPY_PHASE_STRIP = NO;
				CURRENT_PROJECT_VERSION = 1;
				DEBUG_INFORMATION_FORMAT = "dwarf-with-dsym";
				ENABLE_NS_ASSERTIONS = NO;
				ENABLE_STRICT_OBJC_MSGSEND = YES;
				GCC_C_LANGUAGE_STANDARD = gnu11;
				GCC_NO_COMMON_BLOCKS = YES;
				GCC_WARN_64_TO_32_BIT_CONVERSION = YES;
				GCC_WARN_ABOUT_RETURN_TYPE = YES_ERROR;
				GCC_WARN_UNDECLARED_SELECTOR = YES;
				GCC_WARN_UNINITIALIZED_AUTOS = YES_AGGRESSIVE;
				GCC_WARN_UNUSED_FUNCTION = YES;
				GCC_WARN_UNUSED_VARIABLE = YES;
				IPHONEOS_DEPLOYMENT_TARGET = 13.2;
				MTL_ENABLE_DEBUG_INFO = NO;
				MTL_FAST_MATH = YES;
				SDKROOT = iphoneos;
				SWIFT_COMPILATION_MODE = wholemodule;
				SWIFT_OPTIMIZATION_LEVEL = "-O";
				VALIDATE_PRODUCT = YES;
				VERSIONING_SYSTEM = "apple-generic";
				VERSION_INFO_PREFIX = "";
			};
			name = Release;
		};
		174AC5F723914A3A0000C277 /* Debug */ = {
			isa = XCBuildConfiguration;
			buildSettings = {
				CLANG_ENABLE_MODULES = YES;
				CODE_SIGN_STYLE = Manual;
				CURRENT_PROJECT_VERSION = 10;
				DEFINES_MODULE = YES;
				DEVELOPMENT_TEAM = "";
				DYLIB_COMPATIBILITY_VERSION = 1;
				DYLIB_CURRENT_VERSION = 1;
				DYLIB_INSTALL_NAME_BASE = "@rpath";
				INFOPLIST_FILE = UIVVMaterialComponent/Info.plist;
				INSTALL_PATH = "$(LOCAL_LIBRARY_DIR)/Frameworks";
				IPHONEOS_DEPLOYMENT_TARGET = 13.0;
				LD_RUNPATH_SEARCH_PATHS = (
					"$(inherited)",
					"@executable_path/Frameworks",
					"@loader_path/Frameworks",
				);
				MARKETING_VERSION = 0.9;
				PRODUCT_BUNDLE_IDENTIFIER = in.co.appinventor.UIVVMaterialComponent;
				PRODUCT_NAME = "$(TARGET_NAME:c99extidentifier)";
				PROVISIONING_PROFILE_SPECIFIER = "";
				SKIP_INSTALL = YES;
				SUPPORTS_MACCATALYST = NO;
				SWIFT_OPTIMIZATION_LEVEL = "-Onone";
				SWIFT_VERSION = 5.0;
				TARGETED_DEVICE_FAMILY = "1,2";
			};
			name = Debug;
		};
		174AC5F823914A3A0000C277 /* Release */ = {
			isa = XCBuildConfiguration;
			buildSettings = {
				CLANG_ENABLE_MODULES = YES;
				CODE_SIGN_STYLE = Manual;
				CURRENT_PROJECT_VERSION = 10;
				DEFINES_MODULE = YES;
				DEVELOPMENT_TEAM = "";
				DYLIB_COMPATIBILITY_VERSION = 1;
				DYLIB_CURRENT_VERSION = 1;
				DYLIB_INSTALL_NAME_BASE = "@rpath";
				INFOPLIST_FILE = UIVVMaterialComponent/Info.plist;
				INSTALL_PATH = "$(LOCAL_LIBRARY_DIR)/Frameworks";
				IPHONEOS_DEPLOYMENT_TARGET = 13.0;
				LD_RUNPATH_SEARCH_PATHS = (
					"$(inherited)",
					"@executable_path/Frameworks",
					"@loader_path/Frameworks",
				);
				MARKETING_VERSION = 0.9;
				PRODUCT_BUNDLE_IDENTIFIER = in.co.appinventor.UIVVMaterialComponent;
				PRODUCT_NAME = "$(TARGET_NAME:c99extidentifier)";
				PROVISIONING_PROFILE_SPECIFIER = "";
				SKIP_INSTALL = YES;
				SUPPORTS_MACCATALYST = NO;
				SWIFT_VERSION = 5.0;
				TARGETED_DEVICE_FAMILY = "1,2";
			};
			name = Release;
		};
		174AC5FA23914A3A0000C277 /* Debug */ = {
			isa = XCBuildConfiguration;
			buildSettings = {
				ALWAYS_EMBED_SWIFT_STANDARD_LIBRARIES = YES;
				CODE_SIGN_STYLE = Automatic;
				DEVELOPMENT_TEAM = U2KQMSND7L;
				INFOPLIST_FILE = UIVVMaterialComponentTests/Info.plist;
				LD_RUNPATH_SEARCH_PATHS = (
					"$(inherited)",
					"@executable_path/Frameworks",
					"@loader_path/Frameworks",
				);
				PRODUCT_BUNDLE_IDENTIFIER = in.co.appinventor.UIVVMaterialComponentTests;
				PRODUCT_NAME = "$(TARGET_NAME)";
				SWIFT_VERSION = 5.0;
				TARGETED_DEVICE_FAMILY = "1,2";
			};
			name = Debug;
		};
		174AC5FB23914A3A0000C277 /* Release */ = {
			isa = XCBuildConfiguration;
			buildSettings = {
				ALWAYS_EMBED_SWIFT_STANDARD_LIBRARIES = YES;
				CODE_SIGN_STYLE = Automatic;
				DEVELOPMENT_TEAM = U2KQMSND7L;
				INFOPLIST_FILE = UIVVMaterialComponentTests/Info.plist;
				LD_RUNPATH_SEARCH_PATHS = (
					"$(inherited)",
					"@executable_path/Frameworks",
					"@loader_path/Frameworks",
				);
				PRODUCT_BUNDLE_IDENTIFIER = in.co.appinventor.UIVVMaterialComponentTests;
				PRODUCT_NAME = "$(TARGET_NAME)";
				SWIFT_VERSION = 5.0;
				TARGETED_DEVICE_FAMILY = "1,2";
			};
			name = Release;
		};
/* End XCBuildConfiguration section */

/* Begin XCConfigurationList section */
		174AC5DC23914A3A0000C277 /* Build configuration list for PBXProject "UIVVMaterialComponent" */ = {
			isa = XCConfigurationList;
			buildConfigurations = (
				174AC5F423914A3A0000C277 /* Debug */,
				174AC5F523914A3A0000C277 /* Release */,
			);
			defaultConfigurationIsVisible = 0;
			defaultConfigurationName = Release;
		};
		174AC5F623914A3A0000C277 /* Build configuration list for PBXNativeTarget "UIVVMaterialComponent" */ = {
			isa = XCConfigurationList;
			buildConfigurations = (
				174AC5F723914A3A0000C277 /* Debug */,
				174AC5F823914A3A0000C277 /* Release */,
			);
			defaultConfigurationIsVisible = 0;
			defaultConfigurationName = Release;
		};
		174AC5F923914A3A0000C277 /* Build configuration list for PBXNativeTarget "UIVVMaterialComponentTests" */ = {
			isa = XCConfigurationList;
			buildConfigurations = (
				174AC5FA23914A3A0000C277 /* Debug */,
				174AC5FB23914A3A0000C277 /* Release */,
			);
			defaultConfigurationIsVisible = 0;
			defaultConfigurationName = Release;
		};
/* End XCConfigurationList section */
	};
	rootObject = 174AC5D923914A3A0000C277 /* Project object */;
}
